PODS:
  - Firebase/Analytics (12.7.0):
    - Firebase/Core
  - Firebase/Core (12.7.0):
    - Firebase/CoreOnly
    - FirebaseAnalytics (~> 12.7.0)
  - Firebase/CoreOnly (12.7.0):
    - FirebaseCore (~> 12.7.0)
  - Firebase/Crashlytics (12.7.0):
    - Firebase/CoreOnly
    - FirebaseCrashlytics (~> 12.7.0)
  - FirebaseAnalytics (12.7.0):
    - FirebaseAnalytics/Default (= 12.7.0)
    - FirebaseCore (~> 12.7.0)
    - FirebaseInstallations (~> 12.7.0)
    - GoogleUtilities/AppDelegateSwizzler (~> 8.1)
    - GoogleUtilities/MethodSwizzler (~> 8.1)
    - GoogleUtilities/Network (~> 8.1)
    - "GoogleUtilities/NSData+zlib (~> 8.1)"
    - nanopb (~> 3.30910.0)
  - FirebaseAnalytics/Default (12.7.0):
    - FirebaseCore (~> 12.7.0)
    - FirebaseInstallations (~> 12.7.0)
    - GoogleAppMeasurement/Default (= 12.7.0)
    - GoogleUtilities/AppDelegateSwizzler (~> 8.1)
    - GoogleUtilities/MethodSwizzler (~> 8.1)
    - GoogleUtilities/Network (~> 8.1)
    - "GoogleUtilities/NSData+zlib (~> 8.1)"
    - nanopb (~> 3.30910.0)
  - FirebaseCore (12.7.0):
    - FirebaseCoreInternal (~> 12.7.0)
    - GoogleUtilities/Environment (~> 8.1)
    - GoogleUtilities/Logger (~> 8.1)
  - FirebaseCoreExtension (12.7.0):
    - FirebaseCore (~> 12.7.0)
  - FirebaseCoreInternal (12.7.0):
    - "GoogleUtilities/NSData+zlib (~> 8.1)"
  - FirebaseCrashlytics (12.7.0):
    - FirebaseCore (~> 12.7.0)
    - FirebaseInstallations (~> 12.7.0)
    - FirebaseRemoteConfigInterop (~> 12.7.0)
    - FirebaseSessions (~> 12.7.0)
    - GoogleDataTransport (~> 10.1)
    - GoogleUtilities/Environment (~> 8.1)
    - nanopb (~> 3.30910.0)
    - PromisesObjC (~> 2.4)
  - FirebaseInstallations (12.7.0):
    - FirebaseCore (~> 12.7.0)
    - GoogleUtilities/Environment (~> 8.1)
    - GoogleUtilities/UserDefaults (~> 8.1)
    - PromisesObjC (~> 2.4)
  - FirebaseMessaging (12.7.0):
    - FirebaseCore (~> 12.7.0)
    - FirebaseInstallations (~> 12.7.0)
    - GoogleDataTransport (~> 10.1)
    - GoogleUtilities/AppDelegateSwizzler (~> 8.1)
    - GoogleUtilities/Environment (~> 8.1)
    - GoogleUtilities/Reachability (~> 8.1)
    - GoogleUtilities/UserDefaults (~> 8.1)
    - nanopb (~> 3.30910.0)
  - FirebaseRemoteConfigInterop (12.7.0)
  - FirebaseSessions (12.7.0):
    - FirebaseCore (~> 12.7.0)
    - FirebaseCoreExtension (~> 12.7.0)
    - FirebaseInstallations (~> 12.7.0)
    - GoogleDataTransport (~> 10.1)
    - GoogleUtilities/Environment (~> 8.1)
    - GoogleUtilities/UserDefaults (~> 8.1)
    - nanopb (~> 3.30910.0)
    - PromisesSwift (~> 2.1)
  - GoogleAdsOnDeviceConversion (3.2.0):
    - GoogleUtilities/Environment (~> 8.1)
    - GoogleUtilities/Logger (~> 8.1)
    - GoogleUtilities/Network (~> 8.1)
    - nanopb (~> 3.30910.0)
  - GoogleAppMeasurement/Core (12.7.0):
    - GoogleUtilities/AppDelegateSwizzler (~> 8.1)
    - GoogleUtilities/MethodSwizzler (~> 8.1)
    - GoogleUtilities/Network (~> 8.1)
    - "GoogleUtilities/NSData+zlib (~> 8.1)"
    - nanopb (~> 3.30910.0)
  - GoogleAppMeasurement/Default (12.7.0):
    - GoogleAdsOnDeviceConversion (~> 3.2.0)
    - GoogleAppMeasurement/Core (= 12.7.0)
    - GoogleAppMeasurement/IdentitySupport (= 12.7.0)
    - GoogleUtilities/AppDelegateSwizzler (~> 8.1)
    - GoogleUtilities/MethodSwizzler (~> 8.1)
    - GoogleUtilities/Network (~> 8.1)
    - "GoogleUtilities/NSData+zlib (~> 8.1)"
    - nanopb (~> 3.30910.0)
  - GoogleAppMeasurement/IdentitySupport (12.7.0):
    - GoogleAppMeasurement/Core (= 12.7.0)
    - GoogleUtilities/AppDelegateSwizzler (~> 8.1)
    - GoogleUtilities/MethodSwizzler (~> 8.1)
    - GoogleUtilities/Network (~> 8.1)
    - "GoogleUtilities/NSData+zlib (~> 8.1)"
    - nanopb (~> 3.30910.0)
  - GoogleDataTransport (10.1.0):
    - nanopb (~> 3.30910.0)
    - PromisesObjC (~> 2.4)
  - GoogleUtilities/AppDelegateSwizzler (8.1.0):
    - GoogleUtilities/Environment
    - GoogleUtilities/Logger
    - GoogleUtilities/Network
    - GoogleUtilities/Privacy
  - GoogleUtilities/Environment (8.1.0):
    - GoogleUtilities/Privacy
  - GoogleUtilities/Logger (8.1.0):
    - GoogleUtilities/Environment
    - GoogleUtilities/Privacy
  - GoogleUtilities/MethodSwizzler (8.1.0):
    - GoogleUtilities/Logger
    - GoogleUtilities/Privacy
  - GoogleUtilities/Network (8.1.0):
    - GoogleUtilities/Logger
    - "GoogleUtilities/NSData+zlib"
    - GoogleUtilities/Privacy
    - GoogleUtilities/Reachability
  - "GoogleUtilities/NSData+zlib (8.1.0)":
    - GoogleUtilities/Privacy
  - GoogleUtilities/Privacy (8.1.0)
  - GoogleUtilities/Reachability (8.1.0):
    - GoogleUtilities/Logger
    - GoogleUtilities/Privacy
  - GoogleUtilities/UserDefaults (8.1.0):
    - GoogleUtilities/Logger
    - GoogleUtilities/Privacy
  - lottie-ios (4.5.2)
  - Mixpanel-swift (5.1.3):
    - Mixpanel-swift/Complete (= 5.1.3)
  - Mixpanel-swift/Complete (5.1.3)
  - nanopb (3.30910.0):
    - nanopb/decode (= 3.30910.0)
    - nanopb/encode (= 3.30910.0)
  - nanopb/decode (3.30910.0)
  - nanopb/encode (3.30910.0)
  - PromisesObjC (2.4.0)
  - PromisesSwift (2.4.0):
    - PromisesObjC (= 2.4.0)
  - SwiftUICalendar (0.1.14)

DEPENDENCIES:
  - Firebase/Analytics
  - Firebase/Crashlytics
  - FirebaseCore
  - FirebaseMessaging
  - lottie-ios
  - Mixpanel-swift
  - SwiftUICalendar

SPEC REPOS:
  trunk:
    - Firebase
    - FirebaseAnalytics
    - FirebaseCore
    - FirebaseCoreExtension
    - FirebaseCoreInternal
    - FirebaseCrashlytics
    - FirebaseInstallations
    - FirebaseMessaging
    - FirebaseRemoteConfigInterop
    - FirebaseSessions
    - GoogleAdsOnDeviceConversion
    - GoogleAppMeasurement
    - GoogleDataTransport
    - GoogleUtilities
    - lottie-ios
    - Mixpanel-swift
    - nanopb
    - PromisesObjC
    - PromisesSwift
    - SwiftUICalendar

SPEC CHECKSUMS:
  Firebase: 2d19a10c9a2e48ac532a4303115d3fc9b2798396
  FirebaseAnalytics: e423129866107aeacf6010a280b9c9829f9ea50d
  FirebaseCore: c7b57863ce0859281a66d16ca36d665c45d332b5
  FirebaseCoreExtension: 731a5744970bcd73ad95ab2a2b8a1f46353e86dd
  FirebaseCoreInternal: 571a2dd8c975410966199623351db3a3265c874d
  FirebaseCrashlytics: 9ce9ce4bb179e31ab91a937d0a73d302a9752d1b
  FirebaseInstallations: 6d05424a046b68ca146b4de4376f05b4e9262fc3
  FirebaseMessaging: b5f7bdc62b91b6102015991fb7bc6fa75f643908
  FirebaseRemoteConfigInterop: 0bae7d21510b3a0a79af727961c4973aac585add
  FirebaseSessions: bc59e7d0ba90f96f40325fd1defbdec86ba26f20
  GoogleAdsOnDeviceConversion: d68c69dd9581a0f5da02617b6f377e5be483970f
  GoogleAppMeasurement: 8f59e08efecfa1bcd57f0a56fab07d079366268c
  GoogleDataTransport: aae35b7ea0c09004c3797d53c8c41f66f219d6a7
  GoogleUtilities: 00c88b9a86066ef77f0da2fab05f65d7768ed8e1
  lottie-ios: 96784afc26ea031d3e2b6cae342a4b8915072489
  Mixpanel-swift: 630484a1b61cb90820aa34492798d542d9f1d0f1
  nanopb: fad817b59e0457d11a5dfbde799381cd727c1275
  PromisesObjC: f5707f49cb48b9636751c5b2e7d227e43fba9f47
  PromisesSwift: 9d77319bbe72ebf6d872900551f7eeba9bce2851
  SwiftUICalendar: 5ffef5152b532b94195ff90534863d04b56ad412

PODFILE CHECKSUM: ff798794d22c280ac2e1979579da3cde0fb220ad

COCOAPODS: 1.16.2
